
Microsoft Visual Studio Solution File, Format Version 12.00
# Visual Studio 15
VisualStudioVersion = 15.0.27428.2037
MinimumVisualStudioVersion = 10.0.40219.1
Project("{8BC9CEB8-8B4A-11D0-8D11-00A0C91BC942}") = "Client", "Client\Client.vcxproj", "{BBC6EB39-8120-497F-923D-466841EA754B}"
EndProject
Project("{8BC9CEB8-8B4A-11D0-8D11-00A0C91BC942}") = "Server", "Server\Server.vcxproj", "{C3D42AC0-BDD2-4284-AAF6-663BD35C047C}"
EndProject
Global
	GlobalSection(SolutionConfigurationPlatforms) = preSolution
		Debug|x64 = Debug|x64
		Debug|x86 = Debug|x86
		Release|x64 = Release|x64
		Release|x86 = Release|x86
	EndGlobalSection
	GlobalSection(ProjectConfigurationPlatforms) = postSolution
		{BBC6EB39-8120-497F-923D-466841EA754B}.Debug|x64.ActiveCfg = Debug|x64
		{BBC6EB39-8120-497F-923D-466841EA754B}.Debug|x64.Build.0 = Debug|x64
		{BBC6EB39-8120-497F-923D-466841EA754B}.Debug|x86.ActiveCfg = Debug|Win32
		{BBC6EB39-8120-497F-923D-466841EA754B}.Debug|x86.Build.0 = Debug|Win32
		{BBC6EB39-8120-497F-923D-466841EA754B}.Release|x64.ActiveCfg = Debug|x64
		{BBC6EB39-8120-497F-923D-466841EA754B}.Release|x64.Build.0 = Debug|x64
		{BBC6EB39-8120-497F-923D-466841EA754B}.Release|x86.ActiveCfg = Release|Win32
		{BBC6EB39-8120-497F-923D-466841EA754B}.Release|x86.Build.0 = Release|Win32
		{C3D42AC0-BDD2-4284-AAF6-663BD35C047C}.Debug|x64.ActiveCfg = Debug|x64
		{C3D42AC0-BDD2-4284-AAF6-663BD35C047C}.Debug|x64.Build.0 = Debug|x64
		{C3D42AC0-BDD2-4284-AAF6-663BD35C047C}.Debug|x86.ActiveCfg = Debug|Win32
		{C3D42AC0-BDD2-4284-AAF6-663BD35C047C}.Debug|x86.Build.0 = Debug|Win32
		{C3D42AC0-BDD2-4284-AAF6-663BD35C047C}.Release|x64.ActiveCfg = Debug|x64
		{C3D42AC0-BDD2-4284-AAF6-663BD35C047C}.Release|x64.Build.0 = Debug|x64
		{C3D42AC0-BDD2-4284-AAF6-663BD35C047C}.Release|x86.ActiveCfg = Release|Win32
		{C3D42AC0-BDD2-4284-AAF6-663BD35C047C}.Release|x86.Build.0 = Release|Win32
	EndGlobalSection
	GlobalSection(SolutionProperties) = preSolution
		HideSolutionNode = FALSE
	EndGlobalSection
	GlobalSection(ExtensibilityGlobals) = postSolution
		SolutionGuid = {D435C0DF-26EE-413C-B83D-CFE5FC19C207}
	EndGlobalSection
EndGlobal
